# This file was autogenerated by Stack.
# You should not edit this file by hand.
# For more information, please see the documentation at:
#   https://docs.haskellstack.org/en/stable/lock_files

packages:
- completed:
    name: sessiontypes
    version: 0.1.2
    git: https://github.com/Proxymoron461/sessiontypes.git
    pantry-tree:
      size: 1558
      sha256: 51f8a6e54f4f092ec610678c66802d012bcaf84c956c8d68976adfcf0b74abd0
    commit: 14c5c12916d16a4ea7a9a45d5205d4776a720e7c
  original:
    git: https://github.com/Proxymoron461/sessiontypes.git
    commit: 14c5c12916d16a4ea7a9a45d5205d4776a720e7c
snapshots:
- completed:
    size: 531696
    url: https://raw.githubusercontent.com/commercialhaskell/stackage-snapshots/master/lts/16/3.yaml
    sha256: 65e3a94c65ad07fa1913649e3f1e36c4af51bf528a5d9fd217bdc1b46d0477cc
  original: lts-16.3
